// !$*UTF8*$!
{
	archiveVersion = 1;
	classes = {
	};
	objectVersion = 48;
	objects = {

/* Begin PBXBuildFile section */
		54E739D1778A0431C98FCDE7 /* Pods_Lets_RollUITests.framework in Frameworks */ = {isa = PBXBuildFile; fileRef = F182808E84CE66286ED113AC /* Pods_Lets_RollUITests.framework */; };
		67D9B77B54B4BA867C393424 /* Pods_Lets_RollTests.framework in Frameworks */ = {isa = PBXBuildFile; fileRef = 20EFC8FA905FF5A528BF2DBD /* Pods_Lets_RollTests.framework */; };
		C221C1AE8FF4081A09615B86 /* Pods_Lets_Roll.framework in Frameworks */ = {isa = PBXBuildFile; fileRef = 38F8EACD46F3A4EAF91629B7 /* Pods_Lets_Roll.framework */; };
		FA2EE8AF1F921AD500D9E6EC /* AppDelegate.swift in Sources */ = {isa = PBXBuildFile; fileRef = FA2EE8AE1F921AD500D9E6EC /* AppDelegate.swift */; };
		FA2EE8B11F921AD500D9E6EC /* ViewController.swift in Sources */ = {isa = PBXBuildFile; fileRef = FA2EE8B01F921AD500D9E6EC /* ViewController.swift */; };
		FA2EE8B41F921AD500D9E6EC /* Main.storyboard in Resources */ = {isa = PBXBuildFile; fileRef = FA2EE8B21F921AD500D9E6EC /* Main.storyboard */; };
		FA2EE8B61F921AD500D9E6EC /* Assets.xcassets in Resources */ = {isa = PBXBuildFile; fileRef = FA2EE8B51F921AD500D9E6EC /* Assets.xcassets */; };
		FA2EE8B91F921AD500D9E6EC /* LaunchScreen.storyboard in Resources */ = {isa = PBXBuildFile; fileRef = FA2EE8B71F921AD500D9E6EC /* LaunchScreen.storyboard */; };
		FA2EE8C41F921AD600D9E6EC /* Lets_RollTests.swift in Sources */ = {isa = PBXBuildFile; fileRef = FA2EE8C31F921AD600D9E6EC /* Lets_RollTests.swift */; };
		FA2EE8CF1F921AD600D9E6EC /* Lets_RollUITests.swift in Sources */ = {isa = PBXBuildFile; fileRef = FA2EE8CE1F921AD600D9E6EC /* Lets_RollUITests.swift */; };
		FADBA26B1F975A030081D982 /* LoginViewController.swift in Sources */ = {isa = PBXBuildFile; fileRef = FADBA26A1F975A030081D982 /* LoginViewController.swift */; };
		FADBA26D1F975A120081D982 /* CalculatorViewController.swift in Sources */ = {isa = PBXBuildFile; fileRef = FADBA26C1F975A120081D982 /* CalculatorViewController.swift */; };
		FADBA26F1F975A200081D982 /* MenuViewController.swift in Sources */ = {isa = PBXBuildFile; fileRef = FADBA26E1F975A200081D982 /* MenuViewController.swift */; };
		FADBA2721F979C560081D982 /* MagicViewController.swift in Sources */ = {isa = PBXBuildFile; fileRef = FADBA2711F979C560081D982 /* MagicViewController.swift */; };
/* End PBXBuildFile section */

/* Begin PBXContainerItemProxy section */
		FA2EE8C01F921AD600D9E6EC /* PBXContainerItemProxy */ = {
			isa = PBXContainerItemProxy;
			containerPortal = FA2EE8A31F921AD500D9E6EC /* Project object */;
			proxyType = 1;
			remoteGlobalIDString = FA2EE8AA1F921AD500D9E6EC;
			remoteInfo = "Lets Roll";
		};
		FA2EE8CB1F921AD600D9E6EC /* PBXContainerItemProxy */ = {
			isa = PBXContainerItemProxy;
			containerPortal = FA2EE8A31F921AD500D9E6EC /* Project object */;
			proxyType = 1;
			remoteGlobalIDString = FA2EE8AA1F921AD500D9E6EC;
			remoteInfo = "Lets Roll";
		};
/* End PBXContainerItemProxy section */

/* Begin PBXFileReference section */
		072BF6B9243F1B9BB4B15130 /* Pods-Lets Roll.debug.xcconfig */ = {isa = PBXFileReference; includeInIndex = 1; lastKnownFileType = text.xcconfig; name = "Pods-Lets Roll.debug.xcconfig"; path = "Pods/Target Support Files/Pods-Lets Roll/Pods-Lets Roll.debug.xcconfig"; sourceTree = "<group>"; };
		153B4C8F58318830D3318EE2 /* Pods-Lets RollTests.release.xcconfig */ = {isa = PBXFileReference; includeInIndex = 1; lastKnownFileType = text.xcconfig; name = "Pods-Lets RollTests.release.xcconfig"; path = "Pods/Target Support Files/Pods-Lets RollTests/Pods-Lets RollTests.release.xcconfig"; sourceTree = "<group>"; };
		1F7C52EFCAC51E808DBAC481 /* Pods-Lets RollUITests.debug.xcconfig */ = {isa = PBXFileReference; includeInIndex = 1; lastKnownFileType = text.xcconfig; name = "Pods-Lets RollUITests.debug.xcconfig"; path = "Pods/Target Support Files/Pods-Lets RollUITests/Pods-Lets RollUITests.debug.xcconfig"; sourceTree = "<group>"; };
		20EFC8FA905FF5A528BF2DBD /* Pods_Lets_RollTests.framework */ = {isa = PBXFileReference; explicitFileType = wrapper.framework; includeInIndex = 0; path = Pods_Lets_RollTests.framework; sourceTree = BUILT_PRODUCTS_DIR; };
		38F8EACD46F3A4EAF91629B7 /* Pods_Lets_Roll.framework */ = {isa = PBXFileReference; explicitFileType = wrapper.framework; includeInIndex = 0; path = Pods_Lets_Roll.framework; sourceTree = BUILT_PRODUCTS_DIR; };
		4D4A254543FB740003F37D14 /* Pods-Lets Roll.release.xcconfig */ = {isa = PBXFileReference; includeInIndex = 1; lastKnownFileType = text.xcconfig; name = "Pods-Lets Roll.release.xcconfig"; path = "Pods/Target Support Files/Pods-Lets Roll/Pods-Lets Roll.release.xcconfig"; sourceTree = "<group>"; };
		62C9A53C307C5E3DCB5133A5 /* Pods-Lets RollTests.debug.xcconfig */ = {isa = PBXFileReference; includeInIndex = 1; lastKnownFileType = text.xcconfig; name = "Pods-Lets RollTests.debug.xcconfig"; path = "Pods/Target Support Files/Pods-Lets RollTests/Pods-Lets RollTests.debug.xcconfig"; sourceTree = "<group>"; };
		CED7E560876C2109C4E484B7 /* Pods-Lets RollUITests.release.xcconfig */ = {isa = PBXFileReference; includeInIndex = 1; lastKnownFileType = text.xcconfig; name = "Pods-Lets RollUITests.release.xcconfig"; path = "Pods/Target Support Files/Pods-Lets RollUITests/Pods-Lets RollUITests.release.xcconfig"; sourceTree = "<group>"; };
		F182808E84CE66286ED113AC /* Pods_Lets_RollUITests.framework */ = {isa = PBXFileReference; explicitFileType = wrapper.framework; includeInIndex = 0; path = Pods_Lets_RollUITests.framework; sourceTree = BUILT_PRODUCTS_DIR; };
		FA2EE8AB1F921AD500D9E6EC /* Lets Roll.app */ = {isa = PBXFileReference; explicitFileType = wrapper.application; includeInIndex = 0; path = "Lets Roll.app"; sourceTree = BUILT_PRODUCTS_DIR; };
		FA2EE8AE1F921AD500D9E6EC /* AppDelegate.swift */ = {isa = PBXFileReference; lastKnownFileType = sourcecode.swift; path = AppDelegate.swift; sourceTree = "<group>"; };
		FA2EE8B01F921AD500D9E6EC /* ViewController.swift */ = {isa = PBXFileReference; lastKnownFileType = sourcecode.swift; path = ViewController.swift; sourceTree = "<group>"; };
		FA2EE8B31F921AD500D9E6EC /* Base */ = {isa = PBXFileReference; lastKnownFileType = file.storyboard; name = Base; path = Base.lproj/Main.storyboard; sourceTree = "<group>"; };
		FA2EE8B51F921AD500D9E6EC /* Assets.xcassets */ = {isa = PBXFileReference; lastKnownFileType = folder.assetcatalog; path = Assets.xcassets; sourceTree = "<group>"; };
		FA2EE8B81F921AD500D9E6EC /* Base */ = {isa = PBXFileReference; lastKnownFileType = file.storyboard; name = Base; path = Base.lproj/LaunchScreen.storyboard; sourceTree = "<group>"; };
		FA2EE8BA1F921AD500D9E6EC /* Info.plist */ = {isa = PBXFileReference; lastKnownFileType = text.plist.xml; path = Info.plist; sourceTree = "<group>"; };
		FA2EE8BF1F921AD600D9E6EC /* Lets RollTests.xctest */ = {isa = PBXFileReference; explicitFileType = wrapper.cfbundle; includeInIndex = 0; path = "Lets RollTests.xctest"; sourceTree = BUILT_PRODUCTS_DIR; };
		FA2EE8C31F921AD600D9E6EC /* Lets_RollTests.swift */ = {isa = PBXFileReference; lastKnownFileType = sourcecode.swift; path = Lets_RollTests.swift; sourceTree = "<group>"; };
		FA2EE8C51F921AD600D9E6EC /* Info.plist */ = {isa = PBXFileReference; lastKnownFileType = text.plist.xml; path = Info.plist; sourceTree = "<group>"; };
		FA2EE8CA1F921AD600D9E6EC /* Lets RollUITests.xctest */ = {isa = PBXFileReference; explicitFileType = wrapper.cfbundle; includeInIndex = 0; path = "Lets RollUITests.xctest"; sourceTree = BUILT_PRODUCTS_DIR; };
		FA2EE8CE1F921AD600D9E6EC /* Lets_RollUITests.swift */ = {isa = PBXFileReference; lastKnownFileType = sourcecode.swift; path = Lets_RollUITests.swift; sourceTree = "<group>"; };
		FA2EE8D01F921AD600D9E6EC /* Info.plist */ = {isa = PBXFileReference; lastKnownFileType = text.plist.xml; path = Info.plist; sourceTree = "<group>"; };
		FADBA26A1F975A030081D982 /* LoginViewController.swift */ = {isa = PBXFileReference; lastKnownFileType = sourcecode.swift; path = LoginViewController.swift; sourceTree = "<group>"; };
		FADBA26C1F975A120081D982 /* CalculatorViewController.swift */ = {isa = PBXFileReference; lastKnownFileType = sourcecode.swift; path = CalculatorViewController.swift; sourceTree = "<group>"; };
		FADBA26E1F975A200081D982 /* MenuViewController.swift */ = {isa = PBXFileReference; lastKnownFileType = sourcecode.swift; path = MenuViewController.swift; sourceTree = "<group>"; };
		FADBA2701F975C130081D982 /* myGif.gif */ = {isa = PBXFileReference; lastKnownFileType = image.gif; path = myGif.gif; sourceTree = "<group>"; };
		FADBA2711F979C560081D982 /* MagicViewController.swift */ = {isa = PBXFileReference; lastKnownFileType = sourcecode.swift; path = MagicViewController.swift; sourceTree = "<group>"; };
/* End PBXFileReference section */

/* Begin PBXFrameworksBuildPhase section */
		FA2EE8A81F921AD500D9E6EC /* Frameworks */ = {
			isa = PBXFrameworksBuildPhase;
			buildActionMask = 2147483647;
			files = (
				C221C1AE8FF4081A09615B86 /* Pods_Lets_Roll.framework in Frameworks */,
			);
			runOnlyForDeploymentPostprocessing = 0;
		};
		FA2EE8BC1F921AD600D9E6EC /* Frameworks */ = {
			isa = PBXFrameworksBuildPhase;
			buildActionMask = 2147483647;
			files = (
				67D9B77B54B4BA867C393424 /* Pods_Lets_RollTests.framework in Frameworks */,
			);
			runOnlyForDeploymentPostprocessing = 0;
		};
		FA2EE8C71F921AD600D9E6EC /* Frameworks */ = {
			isa = PBXFrameworksBuildPhase;
			buildActionMask = 2147483647;
			files = (
				54E739D1778A0431C98FCDE7 /* Pods_Lets_RollUITests.framework in Frameworks */,
			);
			runOnlyForDeploymentPostprocessing = 0;
		};
/* End PBXFrameworksBuildPhase section */

/* Begin PBXGroup section */
		E0337765CB2E1AC396EB872B /* Frameworks */ = {
			isa = PBXGroup;
			children = (
				38F8EACD46F3A4EAF91629B7 /* Pods_Lets_Roll.framework */,
				20EFC8FA905FF5A528BF2DBD /* Pods_Lets_RollTests.framework */,
				F182808E84CE66286ED113AC /* Pods_Lets_RollUITests.framework */,
			);
			name = Frameworks;
			sourceTree = "<group>";
		};
		E59AF016C0AD88E2C98B8254 /* Pods */ = {
			isa = PBXGroup;
			children = (
				072BF6B9243F1B9BB4B15130 /* Pods-Lets Roll.debug.xcconfig */,
				4D4A254543FB740003F37D14 /* Pods-Lets Roll.release.xcconfig */,
				62C9A53C307C5E3DCB5133A5 /* Pods-Lets RollTests.debug.xcconfig */,
				153B4C8F58318830D3318EE2 /* Pods-Lets RollTests.release.xcconfig */,
				1F7C52EFCAC51E808DBAC481 /* Pods-Lets RollUITests.debug.xcconfig */,
				CED7E560876C2109C4E484B7 /* Pods-Lets RollUITests.release.xcconfig */,
			);
			name = Pods;
			sourceTree = "<group>";
		};
		FA2EE8A21F921AD500D9E6EC = {
			isa = PBXGroup;
			children = (
				FA2EE8AD1F921AD500D9E6EC /* Lets Roll */,
				FA2EE8C21F921AD600D9E6EC /* Lets RollTests */,
				FA2EE8CD1F921AD600D9E6EC /* Lets RollUITests */,
				FA2EE8AC1F921AD500D9E6EC /* Products */,
				E59AF016C0AD88E2C98B8254 /* Pods */,
				E0337765CB2E1AC396EB872B /* Frameworks */,
			);
			sourceTree = "<group>";
		};
		FA2EE8AC1F921AD500D9E6EC /* Products */ = {
			isa = PBXGroup;
			children = (
				FA2EE8AB1F921AD500D9E6EC /* Lets Roll.app */,
				FA2EE8BF1F921AD600D9E6EC /* Lets RollTests.xctest */,
				FA2EE8CA1F921AD600D9E6EC /* Lets RollUITests.xctest */,
			);
			name = Products;
			sourceTree = "<group>";
		};
		FA2EE8AD1F921AD500D9E6EC /* Lets Roll */ = {
			isa = PBXGroup;
			children = (
				FA2EE8AE1F921AD500D9E6EC /* AppDelegate.swift */,
				FA2EE8B01F921AD500D9E6EC /* ViewController.swift */,
				FA2EE8B21F921AD500D9E6EC /* Main.storyboard */,
				FADBA2711F979C560081D982 /* MagicViewController.swift */,
				FADBA26A1F975A030081D982 /* LoginViewController.swift */,
				FADBA26C1F975A120081D982 /* CalculatorViewController.swift */,
				FADBA2701F975C130081D982 /* myGif.gif */,
				FADBA26E1F975A200081D982 /* MenuViewController.swift */,
				FA2EE8B51F921AD500D9E6EC /* Assets.xcassets */,
				FA2EE8B71F921AD500D9E6EC /* LaunchScreen.storyboard */,
				FA2EE8BA1F921AD500D9E6EC /* Info.plist */,
			);
			path = "Lets Roll";
			sourceTree = "<group>";
		};
		FA2EE8C21F921AD600D9E6EC /* Lets RollTests */ = {
			isa = PBXGroup;
			children = (
				FA2EE8C31F921AD600D9E6EC /* Lets_RollTests.swift */,
				FA2EE8C51F921AD600D9E6EC /* Info.plist */,
			);
			path = "Lets RollTests";
			sourceTree = "<group>";
		};
		FA2EE8CD1F921AD600D9E6EC /* Lets RollUITests */ = {
			isa = PBXGroup;
			children = (
				FA2EE8CE1F921AD600D9E6EC /* Lets_RollUITests.swift */,
				FA2EE8D01F921AD600D9E6EC /* Info.plist */,
			);
			path = "Lets RollUITests";
			sourceTree = "<group>";
		};
/* End PBXGroup section */

/* Begin PBXNativeTarget section */
		FA2EE8AA1F921AD500D9E6EC /* Lets Roll */ = {
			isa = PBXNativeTarget;
			buildConfigurationList = FA2EE8D31F921AD600D9E6EC /* Build configuration list for PBXNativeTarget "Lets Roll" */;
			buildPhases = (
				54FD799FF1D908E0EEC61502 /* [CP] Check Pods Manifest.lock */,
				FA2EE8A71F921AD500D9E6EC /* Sources */,
				FA2EE8A81F921AD500D9E6EC /* Frameworks */,
				FA2EE8A91F921AD500D9E6EC /* Resources */,
				9AEF66915BC87ED954C1BE49 /* [CP] Embed Pods Frameworks */,
				77B5F6787DAB28007EA06CC2 /* [CP] Copy Pods Resources */,
			);
			buildRules = (
			);
			dependencies = (
			);
			name = "Lets Roll";
			productName = "Lets Roll";
			productReference = FA2EE8AB1F921AD500D9E6EC /* Lets Roll.app */;
			productType = "com.apple.product-type.application";
		};
		FA2EE8BE1F921AD600D9E6EC /* Lets RollTests */ = {
			isa = PBXNativeTarget;
			buildConfigurationList = FA2EE8D61F921AD600D9E6EC /* Build configuration list for PBXNativeTarget "Lets RollTests" */;
			buildPhases = (
				BD835E733673F689088CF648 /* [CP] Check Pods Manifest.lock */,
				FA2EE8BB1F921AD600D9E6EC /* Sources */,
				FA2EE8BC1F921AD600D9E6EC /* Frameworks */,
				FA2EE8BD1F921AD600D9E6EC /* Resources */,
				A37FC080D1AC633F70421199 /* [CP] Embed Pods Frameworks */,
				E7CACC64F523EEC7BEB2CC25 /* [CP] Copy Pods Resources */,
			);
			buildRules = (
			);
			dependencies = (
				FA2EE8C11F921AD600D9E6EC /* PBXTargetDependency */,
			);
			name = "Lets RollTests";
			productName = "Lets RollTests";
			productReference = FA2EE8BF1F921AD600D9E6EC /* Lets RollTests.xctest */;
			productType = "com.apple.product-type.bundle.unit-test";
		};
		FA2EE8C91F921AD600D9E6EC /* Lets RollUITests */ = {
			isa = PBXNativeTarget;
			buildConfigurationList = FA2EE8D91F921AD600D9E6EC /* Build configuration list for PBXNativeTarget "Lets RollUITests" */;
			buildPhases = (
				B00909E68688C6F90AE6810F /* [CP] Check Pods Manifest.lock */,
				FA2EE8C61F921AD600D9E6EC /* Sources */,
				FA2EE8C71F921AD600D9E6EC /* Frameworks */,
				FA2EE8C81F921AD600D9E6EC /* Resources */,
				0359DD457FB02A2CC5C3D8B6 /* [CP] Embed Pods Frameworks */,
				75400B8A7D8164799A229198 /* [CP] Copy Pods Resources */,
			);
			buildRules = (
			);
			dependencies = (
				FA2EE8CC1F921AD600D9E6EC /* PBXTargetDependency */,
			);
			name = "Lets RollUITests";
			productName = "Lets RollUITests";
			productReference = FA2EE8CA1F921AD600D9E6EC /* Lets RollUITests.xctest */;
			productType = "com.apple.product-type.bundle.ui-testing";
		};
/* End PBXNativeTarget section */

/* Begin PBXProject section */
		FA2EE8A31F921AD500D9E6EC /* Project object */ = {
			isa = PBXProject;
			attributes = {
				LastSwiftUpdateCheck = 0900;
				LastUpgradeCheck = 0900;
				ORGANIZATIONNAME = Onbyz;
				TargetAttributes = {
					FA2EE8AA1F921AD500D9E6EC = {
						CreatedOnToolsVersion = 9.0;
						ProvisioningStyle = Automatic;
					};
					FA2EE8BE1F921AD600D9E6EC = {
						CreatedOnToolsVersion = 9.0;
						ProvisioningStyle = Automatic;
						TestTargetID = FA2EE8AA1F921AD500D9E6EC;
					};
					FA2EE8C91F921AD600D9E6EC = {
						CreatedOnToolsVersion = 9.0;
						ProvisioningStyle = Automatic;
						TestTargetID = FA2EE8AA1F921AD500D9E6EC;
					};
				};
			};
			buildConfigurationList = FA2EE8A61F921AD500D9E6EC /* Build configuration list for PBXProject "Lets Roll" */;
			compatibilityVersion = "Xcode 8.0";
			developmentRegion = en;
			hasScannedForEncodings = 0;
			knownRegions = (
				en,
				Base,
			);
			mainGroup = FA2EE8A21F921AD500D9E6EC;
			productRefGroup = FA2EE8AC1F921AD500D9E6EC /* Products */;
			projectDirPath = "";
			projectRoot = "";
			targets = (
				FA2EE8AA1F921AD500D9E6EC /* Lets Roll */,
				FA2EE8BE1F921AD600D9E6EC /* Lets RollTests */,
				FA2EE8C91F921AD600D9E6EC /* Lets RollUITests */,
			);
		};
/* End PBXProject section */

/* Begin PBXResourcesBuildPhase section */
		FA2EE8A91F921AD500D9E6EC /* Resources */ = {
			isa = PBXResourcesBuildPhase;
			buildActionMask = 2147483647;
			files = (
				FA2EE8B91F921AD500D9E6EC /* LaunchScreen.storyboard in Resources */,
				FA2EE8B61F921AD500D9E6EC /* Assets.xcassets in Resources */,
				FA2EE8B41F921AD500D9E6EC /* Main.storyboard in Resources */,
			);
			runOnlyForDeploymentPostprocessing = 0;
		};
		FA2EE8BD1F921AD600D9E6EC /* Resources */ = {
			isa = PBXResourcesBuildPhase;
			buildActionMask = 2147483647;
			files = (
			);
			runOnlyForDeploymentPostprocessing = 0;
		};
		FA2EE8C81F921AD600D9E6EC /* Resources */ = {
			isa = PBXResourcesBuildPhase;
			buildActionMask = 2147483647;
			files = (
			);
			runOnlyForDeploymentPostprocessing = 0;
		};
/* End PBXResourcesBuildPhase section */

/* Begin PBXShellScriptBuildPhase section */
		0359DD457FB02A2CC5C3D8B6 /* [CP] Embed Pods Frameworks */ = {
			isa = PBXShellScriptBuildPhase;
			buildActionMask = 2147483647;
			files = (
			);
			inputPaths = (
			);
			name = "[CP] Embed Pods Frameworks";
			outputPaths = (
			);
			runOnlyForDeploymentPostprocessing = 0;
			shellPath = /bin/sh;
			shellScript = "\"${SRCROOT}/Pods/Target Support Files/Pods-Lets RollUITests/Pods-Lets RollUITests-frameworks.sh\"\n";
			showEnvVarsInLog = 0;
		};
		54FD799FF1D908E0EEC61502 /* [CP] Check Pods Manifest.lock */ = {
			isa = PBXShellScriptBuildPhase;
			buildActionMask = 2147483647;
			files = (
			);
			inputPaths = (
				"${PODS_PODFILE_DIR_PATH}/Podfile.lock",
				"${PODS_ROOT}/Manifest.lock",
			);
			name = "[CP] Check Pods Manifest.lock";
			outputPaths = (
				"$(DERIVED_FILE_DIR)/Pods-Lets Roll-checkManifestLockResult.txt",
			);
			runOnlyForDeploymentPostprocessing = 0;
			shellPath = /bin/sh;
			shellScript = "diff \"${PODS_PODFILE_DIR_PATH}/Podfile.lock\" \"${PODS_ROOT}/Manifest.lock\" > /dev/null\nif [ $? != 0 ] ; then\n    # print error to STDERR\n    echo \"error: The sandbox is not in sync with the Podfile.lock. Run 'pod install' or update your CocoaPods installation.\" >&2\n    exit 1\nfi\n# This output is used by Xcode 'outputs' to avoid re-running this script phase.\necho \"SUCCESS\" > \"${SCRIPT_OUTPUT_FILE_0}\"\n";
			showEnvVarsInLog = 0;
		};
		75400B8A7D8164799A229198 /* [CP] Copy Pods Resources */ = {
			isa = PBXShellScriptBuildPhase;
			buildActionMask = 2147483647;
			files = (
			);
			inputPaths = (
			);
			name = "[CP] Copy Pods Resources";
			outputPaths = (
			);
			runOnlyForDeploymentPostprocessing = 0;
			shellPath = /bin/sh;
			shellScript = "\"${SRCROOT}/Pods/Target Support Files/Pods-Lets RollUITests/Pods-Lets RollUITests-resources.sh\"\n";
			showEnvVarsInLog = 0;
		};
		77B5F6787DAB28007EA06CC2 /* [CP] Copy Pods Resources */ = {
			isa = PBXShellScriptBuildPhase;
			buildActionMask = 2147483647;
			files = (
			);
			inputPaths = (
			);
			name = "[CP] Copy Pods Resources";
			outputPaths = (
			);
			runOnlyForDeploymentPostprocessing = 0;
			shellPath = /bin/sh;
			shellScript = "\"${SRCROOT}/Pods/Target Support Files/Pods-Lets Roll/Pods-Lets Roll-resources.sh\"\n";
			showEnvVarsInLog = 0;
		};
		9AEF66915BC87ED954C1BE49 /* [CP] Embed Pods Frameworks */ = {
			isa = PBXShellScriptBuildPhase;
			buildActionMask = 2147483647;
			files = (
			);
			inputPaths = (
				"${SRCROOT}/Pods/Target Support Files/Pods-Lets Roll/Pods-Lets Roll-frameworks.sh",
				"${BUILT_PRODUCTS_DIR}/SwiftyGif/SwiftyGif.framework",
			);
			name = "[CP] Embed Pods Frameworks";
			outputPaths = (
				"${TARGET_BUILD_DIR}/${FRAMEWORKS_FOLDER_PATH}/SwiftyGif.framework",
			);
			runOnlyForDeploymentPostprocessing = 0;
			shellPath = /bin/sh;
			shellScript = "\"${SRCROOT}/Pods/Target Support Files/Pods-Lets Roll/Pods-Lets Roll-frameworks.sh\"\n";
			showEnvVarsInLog = 0;
		};
		A37FC080D1AC633F70421199 /* [CP] Embed Pods Frameworks */ = {
			isa = PBXShellScriptBuildPhase;
			buildActionMask = 2147483647;
			files = (
			);
			inputPaths = (
			);
			name = "[CP] Embed Pods Frameworks";
			outputPaths = (
			);
			runOnlyForDeploymentPostprocessing = 0;
			shellPath = /bin/sh;
			shellScript = "\"${SRCROOT}/Pods/Target Support Files/Pods-Lets RollTests/Pods-Lets RollTests-frameworks.sh\"\n";
			showEnvVarsInLog = 0;
		};
		B00909E68688C6F90AE6810F /* [CP] Check Pods Manifest.lock */ = {
			isa = PBXShellScriptBuildPhase;
			buildActionMask = 2147483647;
			files = (
			);
			inputPaths = (
				"${PODS_PODFILE_DIR_PATH}/Podfile.lock",
				"${PODS_ROOT}/Manifest.lock",
			);
			name = "[CP] Check Pods Manifest.lock";
			outputPaths = (
				"$(DERIVED_FILE_DIR)/Pods-Lets RollUITests-checkManifestLockResult.txt",
			);
			runOnlyForDeploymentPostprocessing = 0;
			shellPath = /bin/sh;
			shellScript = "diff \"${PODS_PODFILE_DIR_PATH}/Podfile.lock\" \"${PODS_ROOT}/Manifest.lock\" > /dev/null\nif [ $? != 0 ] ; then\n    # print error to STDERR\n    echo \"error: The sandbox is not in sync with the Podfile.lock. Run 'pod install' or update your CocoaPods installation.\" >&2\n    exit 1\nfi\n# This output is used by Xcode 'outputs' to avoid re-running this script phase.\necho \"SUCCESS\" > \"${SCRIPT_OUTPUT_FILE_0}\"\n";
			showEnvVarsInLog = 0;
		};
		BD835E733673F689088CF648 /* [CP] Check Pods Manifest.lock */ = {
			isa = PBXShellScriptBuildPhase;
			buildActionMask = 2147483647;
			files = (
			);
			inputPaths = (
				"${PODS_PODFILE_DIR_PATH}/Podfile.lock",
				"${PODS_ROOT}/Manifest.lock",
			);
			name = "[CP] Check Pods Manifest.lock";
			outputPaths = (
				"$(DERIVED_FILE_DIR)/Pods-Lets RollTests-checkManifestLockResult.txt",
			);
			runOnlyForDeploymentPostprocessing = 0;
			shellPath = /bin/sh;
			shellScript = "diff \"${PODS_PODFILE_DIR_PATH}/Podfile.lock\" \"${PODS_ROOT}/Manifest.lock\" > /dev/null\nif [ $? != 0 ] ; then\n    # print error to STDERR\n    echo \"error: The sandbox is not in sync with the Podfile.lock. Run 'pod install' or update your CocoaPods installation.\" >&2\n    exit 1\nfi\n# This output is used by Xcode 'outputs' to avoid re-running this script phase.\necho \"SUCCESS\" > \"${SCRIPT_OUTPUT_FILE_0}\"\n";
			showEnvVarsInLog = 0;
		};
		E7CACC64F523EEC7BEB2CC25 /* [CP] Copy Pods Resources */ = {
			isa = PBXShellScriptBuildPhase;
			buildActionMask = 2147483647;
			files = (
			);
			inputPaths = (
			);
			name = "[CP] Copy Pods Resources";
			outputPaths = (
			);
			runOnlyForDeploymentPostprocessing = 0;
			shellPath = /bin/sh;
			shellScript = "\"${SRCROOT}/Pods/Target Support Files/Pods-Lets RollTests/Pods-Lets RollTests-resources.sh\"\n";
			showEnvVarsInLog = 0;
		};
/* End PBXShellScriptBuildPhase section */

/* Begin PBXSourcesBuildPhase section */
		FA2EE8A71F921AD500D9E6EC /* Sources */ = {
			isa = PBXSourcesBuildPhase;
			buildActionMask = 2147483647;
			files = (
				FADBA26B1F975A030081D982 /* LoginViewController.swift in Sources */,
				FADBA26F1F975A200081D982 /* MenuViewController.swift in Sources */,
				FA2EE8B11F921AD500D9E6EC /* ViewController.swift in Sources */,
				FADBA26D1F975A120081D982 /* CalculatorViewController.swift in Sources */,
				FADBA2721F979C560081D982 /* MagicViewController.swift in Sources */,
				FA2EE8AF1F921AD500D9E6EC /* AppDelegate.swift in Sources */,
			);
			runOnlyForDeploymentPostprocessing = 0;
		};
		FA2EE8BB1F921AD600D9E6EC /* Sources */ = {
			isa = PBXSourcesBuildPhase;
			buildActionMask = 2147483647;
			files = (
				FA2EE8C41F921AD600D9E6EC /* Lets_RollTests.swift in Sources */,
			);
			runOnlyForDeploymentPostprocessing = 0;
		};
		FA2EE8C61F921AD600D9E6EC /* Sources */ = {
			isa = PBXSourcesBuildPhase;
			buildActionMask = 2147483647;
			files = (
				FA2EE8CF1F921AD600D9E6EC /* Lets_RollUITests.swift in Sources */,
			);
			runOnlyForDeploymentPostprocessing = 0;
		};
/* End PBXSourcesBuildPhase section */

/* Begin PBXTargetDependency section */
		FA2EE8C11F921AD600D9E6EC /* PBXTargetDependency */ = {
			isa = PBXTargetDependency;
			target = FA2EE8AA1F921AD500D9E6EC /* Lets Roll */;
			targetProxy = FA2EE8C01F921AD600D9E6EC /* PBXContainerItemProxy */;
		};
		FA2EE8CC1F921AD600D9E6EC /* PBXTargetDependency */ = {
			isa = PBXTargetDependency;
			target = FA2EE8AA1F921AD500D9E6EC /* Lets Roll */;
			targetProxy = FA2EE8CB1F921AD600D9E6EC /* PBXContainerItemProxy */;
		};
/* End PBXTargetDependency section */

/* Begin PBXVariantGroup section */
		FA2EE8B21F921AD500D9E6EC /* Main.storyboard */ = {
			isa = PBXVariantGroup;
			children = (
				FA2EE8B31F921AD500D9E6EC /* Base */,
			);
			name = Main.storyboard;
			sourceTree = "<group>";
		};
		FA2EE8B71F921AD500D9E6EC /* LaunchScreen.storyboard */ = {
			isa = PBXVariantGroup;
			children = (
				FA2EE8B81F921AD500D9E6EC /* Base */,
			);
			name = LaunchScreen.storyboard;
			sourceTree = "<group>";
		};
/* End PBXVariantGroup section */

/* Begin XCBuildConfiguration section */
		FA2EE8D11F921AD600D9E6EC /* Debug */ = {
			isa = XCBuildConfiguration;
			buildSettings = {
				ALWAYS_SEARCH_USER_PATHS = NO;
				CLANG_ANALYZER_NONNULL = YES;
				CLANG_ANALYZER_NUMBER_OBJECT_CONVERSION = YES_AGGRESSIVE;
				CLANG_CXX_LANGUAGE_STANDARD = "gnu++14";
				CLANG_CXX_LIBRARY = "libc++";
				CLANG_ENABLE_MODULES = YES;
				CLANG_ENABLE_OBJC_ARC = YES;
				CLANG_WARN_BLOCK_CAPTURE_AUTORELEASING = YES;
				CLANG_WARN_BOOL_CONVERSION = YES;
				CLANG_WARN_COMMA = YES;
				CLANG_WARN_CONSTANT_CONVERSION = YES;
				CLANG_WARN_DIRECT_OBJC_ISA_USAGE = YES_ERROR;
				CLANG_WARN_DOCUMENTATION_COMMENTS = YES;
				CLANG_WARN_EMPTY_BODY = YES;
				CLANG_WARN_ENUM_CONVERSION = YES;
				CLANG_WARN_INFINITE_RECURSION = YES;
				CLANG_WARN_INT_CONVERSION = YES;
				CLANG_WARN_NON_LITERAL_NULL_CONVERSION = YES;
				CLANG_WARN_OBJC_LITERAL_CONVERSION = YES;
				CLANG_WARN_OBJC_ROOT_CLASS = YES_ERROR;
				CLANG_WARN_RANGE_LOOP_ANALYSIS = YES;
				CLANG_WARN_STRICT_PROTOTYPES = YES;
				CLANG_WARN_SUSPICIOUS_MOVE = YES;
				CLANG_WARN_UNGUARDED_AVAILABILITY = YES_AGGRESSIVE;
				CLANG_WARN_UNREACHABLE_CODE = YES;
				CLANG_WARN__DUPLICATE_METHOD_MATCH = YES;
				CODE_SIGN_IDENTITY = "iPhone Developer";
				COPY_PHASE_STRIP = NO;
				DEBUG_INFORMATION_FORMAT = dwarf;
				ENABLE_STRICT_OBJC_MSGSEND = YES;
				ENABLE_TESTABILITY = YES;
				GCC_C_LANGUAGE_STANDARD = gnu11;
				GCC_DYNAMIC_NO_PIC = NO;
				GCC_NO_COMMON_BLOCKS = YES;
				GCC_OPTIMIZATION_LEVEL = 0;
				GCC_PREPROCESSOR_DEFINITIONS = (
					"DEBUG=1",
					"$(inherited)",
				);
				GCC_WARN_64_TO_32_BIT_CONVERSION = YES;
				GCC_WARN_ABOUT_RETURN_TYPE = YES_ERROR;
				GCC_WARN_UNDECLARED_SELECTOR = YES;
				GCC_WARN_UNINITIALIZED_AUTOS = YES_AGGRESSIVE;
				GCC_WARN_UNUSED_FUNCTION = YES;
				GCC_WARN_UNUSED_VARIABLE = YES;
				IPHONEOS_DEPLOYMENT_TARGET = 11.0;
				MTL_ENABLE_DEBUG_INFO = YES;
				ONLY_ACTIVE_ARCH = YES;
				SDKROOT = iphoneos;
				SWIFT_ACTIVE_COMPILATION_CONDITIONS = DEBUG;
				SWIFT_OPTIMIZATION_LEVEL = "-Onone";
			};
			name = Debug;
		};
		FA2EE8D21F921AD600D9E6EC /* Release */ = {
			isa = XCBuildConfiguration;
			buildSettings = {
				ALWAYS_SEARCH_USER_PATHS = NO;
				CLANG_ANALYZER_NONNULL = YES;
				CLANG_ANALYZER_NUMBER_OBJECT_CONVERSION = YES_AGGRESSIVE;
				CLANG_CXX_LANGUAGE_STANDARD = "gnu++14";
				CLANG_CXX_LIBRARY = "libc++";
				CLANG_ENABLE_MODULES = YES;
				CLANG_ENABLE_OBJC_ARC = YES;
				CLANG_WARN_BLOCK_CAPTURE_AUTORELEASING = YES;
				CLANG_WARN_BOOL_CONVERSION = YES;
				CLANG_WARN_COMMA = YES;
				CLANG_WARN_CONSTANT_CONVERSION = YES;
				CLANG_WARN_DIRECT_OBJC_ISA_USAGE = YES_ERROR;
				CLANG_WARN_DOCUMENTATION_COMMENTS = YES;
				CLANG_WARN_EMPTY_BODY = YES;
				CLANG_WARN_ENUM_CONVERSION = YES;
				CLANG_WARN_INFINITE_RECURSION = YES;
				CLANG_WARN_INT_CONVERSION = YES;
				CLANG_WARN_NON_LITERAL_NULL_CONVERSION = YES;
				CLANG_WARN_OBJC_LITERAL_CONVERSION = YES;
				CLANG_WARN_OBJC_ROOT_CLASS = YES_ERROR;
				CLANG_WARN_RANGE_LOOP_ANALYSIS = YES;
				CLANG_WARN_STRICT_PROTOTYPES = YES;
				CLANG_WARN_SUSPICIOUS_MOVE = YES;
				CLANG_WARN_UNGUARDED_AVAILABILITY = YES_AGGRESSIVE;
				CLANG_WARN_UNREACHABLE_CODE = YES;
				CLANG_WARN__DUPLICATE_METHOD_MATCH = YES;
				CODE_SIGN_IDENTITY = "iPhone Developer";
				COPY_PHASE_STRIP = NO;
				DEBUG_INFORMATION_FORMAT = "dwarf-with-dsym";
				ENABLE_NS_ASSERTIONS = NO;
				ENABLE_STRICT_OBJC_MSGSEND = YES;
				GCC_C_LANGUAGE_STANDARD = gnu11;
				GCC_NO_COMMON_BLOCKS = YES;
				GCC_WARN_64_TO_32_BIT_CONVERSION = YES;
				GCC_WARN_ABOUT_RETURN_TYPE = YES_ERROR;
				GCC_WARN_UNDECLARED_SELECTOR = YES;
				GCC_WARN_UNINITIALIZED_AUTOS = YES_AGGRESSIVE;
				GCC_WARN_UNUSED_FUNCTION = YES;
				GCC_WARN_UNUSED_VARIABLE = YES;
				IPHONEOS_DEPLOYMENT_TARGET = 11.0;
				MTL_ENABLE_DEBUG_INFO = NO;
				SDKROOT = iphoneos;
				SWIFT_OPTIMIZATION_LEVEL = "-Owholemodule";
				VALIDATE_PRODUCT = YES;
			};
			name = Release;
		};
		FA2EE8D41F921AD600D9E6EC /* Debug */ = {
			isa = XCBuildConfiguration;
			baseConfigurationReference = 072BF6B9243F1B9BB4B15130 /* Pods-Lets Roll.debug.xcconfig */;
			buildSettings = {
				ASSETCATALOG_COMPILER_APPICON_NAME = AppIcon;
				CODE_SIGN_STYLE = Automatic;
				DEVELOPMENT_TEAM = 4N73XC54R5;
				INFOPLIST_FILE = "Lets Roll/Info.plist";
				LD_RUNPATH_SEARCH_PATHS = "$(inherited) @executable_path/Frameworks";
				PRODUCT_BUNDLE_IDENTIFIER = "onbyz.Lets-Roll";
				PRODUCT_NAME = "$(TARGET_NAME)";
				SWIFT_VERSION = 4.0;
				TARGETED_DEVICE_FAMILY = "1,2";
			};
			name = Debug;
		};
		FA2EE8D51F921AD600D9E6EC /* Release */ = {
			isa = XCBuildConfiguration;
			baseConfigurationReference = 4D4A254543FB740003F37D14 /* Pods-Lets Roll.release.xcconfig */;
			buildSettings = {
				ASSETCATALOG_COMPILER_APPICON_NAME = AppIcon;
				CODE_SIGN_STYLE = Automatic;
				DEVELOPMENT_TEAM = 4N73XC54R5;
				INFOPLIST_FILE = "Lets Roll/Info.plist";
				LD_RUNPATH_SEARCH_PATHS = "$(inherited) @executable_path/Frameworks";
				PRODUCT_BUNDLE_IDENTIFIER = "onbyz.Lets-Roll";
				PRODUCT_NAME = "$(TARGET_NAME)";
				SWIFT_VERSION = 4.0;
				TARGETED_DEVICE_FAMILY = "1,2";
			};
			name = Release;
		};
		FA2EE8D71F921AD600D9E6EC /* Debug */ = {
			isa = XCBuildConfiguration;
			baseConfigurationReference = 62C9A53C307C5E3DCB5133A5 /* Pods-Lets RollTests.debug.xcconfig */;
			buildSettings = {
				ALWAYS_EMBED_SWIFT_STANDARD_LIBRARIES = YES;
				BUNDLE_LOADER = "$(TEST_HOST)";
				CODE_SIGN_STYLE = Automatic;
				DEVELOPMENT_TEAM = 4N73XC54R5;
				INFOPLIST_FILE = "Lets RollTests/Info.plist";
				LD_RUNPATH_SEARCH_PATHS = "$(inherited) @executable_path/Frameworks @loader_path/Frameworks";
				PRODUCT_BUNDLE_IDENTIFIER = "onbyz.Lets-RollTests";
				PRODUCT_NAME = "$(TARGET_NAME)";
				SWIFT_VERSION = 4.0;
				TARGETED_DEVICE_FAMILY = "1,2";
				TEST_HOST = "$(BUILT_PRODUCTS_DIR)/Lets Roll.app/Lets Roll";
			};
			name = Debug;
		};
		FA2EE8D81F921AD600D9E6EC /* Release */ = {
			isa = XCBuildConfiguration;
			baseConfigurationReference = 153B4C8F58318830D3318EE2 /* Pods-Lets RollTests.release.xcconfig */;
			buildSettings = {
				ALWAYS_EMBED_SWIFT_STANDARD_LIBRARIES = YES;
				BUNDLE_LOADER = "$(TEST_HOST)";
				CODE_SIGN_STYLE = Automatic;
				DEVELOPMENT_TEAM = 4N73XC54R5;
				INFOPLIST_FILE = "Lets RollTests/Info.plist";
				LD_RUNPATH_SEARCH_PATHS = "$(inherited) @executable_path/Frameworks @loader_path/Frameworks";
				PRODUCT_BUNDLE_IDENTIFIER = "onbyz.Lets-RollTests";
				PRODUCT_NAME = "$(TARGET_NAME)";
				SWIFT_VERSION = 4.0;
				TARGETED_DEVICE_FAMILY = "1,2";
				TEST_HOST = "$(BUILT_PRODUCTS_DIR)/Lets Roll.app/Lets Roll";
			};
			name = Release;
		};
		FA2EE8DA1F921AD600D9E6EC /* Debug */ = {
			isa = XCBuildConfiguration;
			baseConfigurationReference = 1F7C52EFCAC51E808DBAC481 /* Pods-Lets RollUITests.debug.xcconfig */;
			buildSettings = {
				ALWAYS_EMBED_SWIFT_STANDARD_LIBRARIES = YES;
				CODE_SIGN_STYLE = Automatic;
				DEVELOPMENT_TEAM = 4N73XC54R5;
				INFOPLIST_FILE = "Lets RollUITests/Info.plist";
				LD_RUNPATH_SEARCH_PATHS = "$(inherited) @executable_path/Frameworks @loader_path/Frameworks";
				PRODUCT_BUNDLE_IDENTIFIER = "onbyz.Lets-RollUITests";
				PRODUCT_NAME = "$(TARGET_NAME)";
				SWIFT_VERSION = 4.0;
				TARGETED_DEVICE_FAMILY = "1,2";
				TEST_TARGET_NAME = "Lets Roll";
			};
			name = Debug;
		};
		FA2EE8DB1F921AD600D9E6EC /* Release */ = {
			isa = XCBuildConfiguration;
			baseConfigurationReference = CED7E560876C2109C4E484B7 /* Pods-Lets RollUITests.release.xcconfig */;
			buildSettings = {
				ALWAYS_EMBED_SWIFT_STANDARD_LIBRARIES = YES;
				CODE_SIGN_STYLE = Automatic;
				DEVELOPMENT_TEAM = 4N73XC54R5;
				INFOPLIST_FILE = "Lets RollUITests/Info.plist";
				LD_RUNPATH_SEARCH_PATHS = "$(inherited) @executable_path/Frameworks @loader_path/Frameworks";
				PRODUCT_BUNDLE_IDENTIFIER = "onbyz.Lets-RollUITests";
				PRODUCT_NAME = "$(TARGET_NAME)";
				SWIFT_VERSION = 4.0;
				TARGETED_DEVICE_FAMILY = "1,2";
				TEST_TARGET_NAME = "Lets Roll";
			};
			name = Release;
		};
/* End XCBuildConfiguration section */

/* Begin XCConfigurationList section */
		FA2EE8A61F921AD500D9E6EC /* Build configuration list for PBXProject "Lets Roll" */ = {
			isa = XCConfigurationList;
			buildConfigurations = (
				FA2EE8D11F921AD600D9E6EC /* Debug */,
				FA2EE8D21F921AD600D9E6EC /* Release */,
			);
			defaultConfigurationIsVisible = 0;
			defaultConfigurationName = Release;
		};
		FA2EE8D31F921AD600D9E6EC /* Build configuration list for PBXNativeTarget "Lets Roll" */ = {
			isa = XCConfigurationList;
			buildConfigurations = (
				FA2EE8D41F921AD600D9E6EC /* Debug */,
				FA2EE8D51F921AD600D9E6EC /* Release */,
			);
			defaultConfigurationIsVisible = 0;
			defaultConfigurationName = Release;
		};
		FA2EE8D61F921AD600D9E6EC /* Build configuration list for PBXNativeTarget "Lets RollTests" */ = {
			isa = XCConfigurationList;
			buildConfigurations = (
				FA2EE8D71F921AD600D9E6EC /* Debug */,
				FA2EE8D81F921AD600D9E6EC /* Release */,
			);
			defaultConfigurationIsVisible = 0;
			defaultConfigurationName = Release;
		};
		FA2EE8D91F921AD600D9E6EC /* Build configuration list for PBXNativeTarget "Lets RollUITests" */ = {
			isa = XCConfigurationList;
			buildConfigurations = (
				FA2EE8DA1F921AD600D9E6EC /* Debug */,
				FA2EE8DB1F921AD600D9E6EC /* Release */,
			);
			defaultConfigurationIsVisible = 0;
			defaultConfigurationName = Release;
		};
/* End XCConfigurationList section */
	};
	rootObject = FA2EE8A31F921AD500D9E6EC /* Project object */;
}
